
Microsoft Visual Studio Solution File, Format Version 12.00
# Visual Studio Version 17
VisualStudioVersion = 17.14.36623.8 d17.14
MinimumVisualStudioVersion = 10.0.40219.1
Project("{FAE04EC0-301F-11D3-BF4B-00C04F79EFBC}") = "001_Todo_App_01", "001_Todo_App_01\001_Todo_App_01.csproj", "{440988CB-FA33-4BD6-BEAA-29C43CC5B2CE}"
EndProject
Global
	GlobalSection(SolutionConfigurationPlatforms) = preSolution
		Debug|Any CPU = Debug|Any CPU
		Release|Any CPU = Release|Any CPU
	EndGlobalSection
	GlobalSection(ProjectConfigurationPlatforms) = postSolution
		{440988CB-FA33-4BD6-BEAA-29C43CC5B2CE}.Debug|Any CPU.ActiveCfg = Debug|Any CPU
		{440988CB-FA33-4BD6-BEAA-29C43CC5B2CE}.Debug|Any CPU.Build.0 = Debug|Any CPU
		{440988CB-FA33-4BD6-BEAA-29C43CC5B2CE}.Release|Any CPU.ActiveCfg = Release|Any CPU
		{440988CB-FA33-4BD6-BEAA-29C43CC5B2CE}.Release|Any CPU.Build.0 = Release|Any CPU
	EndGlobalSection
	GlobalSection(SolutionProperties) = preSolution
		HideSolutionNode = FALSE
	EndGlobalSection
	GlobalSection(ExtensibilityGlobals) = postSolution
		SolutionGuid = {2EE1CC2B-7CF0-4CE6-8B6B-579B4F6ACF9F}
	EndGlobalSection
EndGlobal
